
Microsoft Visual Studio Solution File, Format Version 11.00
# Visual Studio 2010
Project("{FAE04EC0-301F-11D3-BF4B-00C04F79EFBC}") = "Assembly-CSharp", "Assembly-CSharp.csproj", "{7ac55ce7-7aba-e412-d2b4-1e9f38599583}"
EndProject
Project("{FAE04EC0-301F-11D3-BF4B-00C04F79EFBC}") = "Assembly-CSharp-firstpass", "Assembly-CSharp-firstpass.csproj", "{9306b96f-655f-fc20-68ea-d68231d741a1}"
EndProject
Project("{FAE04EC0-301F-11D3-BF4B-00C04F79EFBC}") = "Assembly-CSharp-Editor-firstpass", "Assembly-CSharp-Editor-firstpass.csproj", "{7f798557-376e-af05-26b4-e00b928bc361}"
EndProject
Global
	GlobalSection(SolutionConfigurationPlatforms) = preSolution
		Debug|Any CPU = Debug|Any CPU
	EndGlobalSection
	GlobalSection(ProjectConfigurationPlatforms) = postSolution
		{7ac55ce7-7aba-e412-d2b4-1e9f38599583}.Debug|Any CPU.ActiveCfg = Debug|Any CPU
		{7ac55ce7-7aba-e412-d2b4-1e9f38599583}.Debug|Any CPU.Build.0 = Debug|Any CPU
		{9306b96f-655f-fc20-68ea-d68231d741a1}.Debug|Any CPU.ActiveCfg = Debug|Any CPU
		{9306b96f-655f-fc20-68ea-d68231d741a1}.Debug|Any CPU.Build.0 = Debug|Any CPU
		{7f798557-376e-af05-26b4-e00b928bc361}.Debug|Any CPU.ActiveCfg = Debug|Any CPU
		{7f798557-376e-af05-26b4-e00b928bc361}.Debug|Any CPU.Build.0 = Debug|Any CPU
	EndGlobalSection
	GlobalSection(SolutionProperties) = preSolution
		HideSolutionNode = FALSE
	EndGlobalSection
EndGlobal
